
Microsoft Visual Studio Solution File, Format Version 12.00
# Visual Studio Version 17
VisualStudioVersion = 17.5.33516.290
MinimumVisualStudioVersion = 10.0.40219.1
Project("{9A19103F-16F7-4668-BE54-9A1E7A4F7556}") = "WebApi", "WebApi\WebApi.csproj", "{2C12F1F3-E932-46E8-8586-5DB5060C108F}"
EndProject
Project("{9A19103F-16F7-4668-BE54-9A1E7A4F7556}") = "Entities", "Entities\Entities.csproj", "{8F05EE9A-4E3B-4658-9AF9-333560563277}"
EndProject
Project("{9A19103F-16F7-4668-BE54-9A1E7A4F7556}") = "Repositories", "Repositories\Repositories.csproj", "{39138AA8-18C0-45EA-8FD6-9948B20D2774}"
EndProject
Project("{FAE04EC0-301F-11D3-BF4B-00C04F79EFBC}") = "Services", "Services\Services.csproj", "{EEEE3778-BEDE-4AF9-891D-88893BE1522D}"
EndProject
Project("{FAE04EC0-301F-11D3-BF4B-00C04F79EFBC}") = "Presentation", "Presentation\Presentation.csproj", "{A2E8EE0D-3EAC-46D5-BBE8-77AEBEFA9AFF}"
EndProject
Global
	GlobalSection(SolutionConfigurationPlatforms) = preSolution
		Debug|Any CPU = Debug|Any CPU
		Release|Any CPU = Release|Any CPU
	EndGlobalSection
	GlobalSection(ProjectConfigurationPlatforms) = postSolution
		{2C12F1F3-E932-46E8-8586-5DB5060C108F}.Debug|Any CPU.ActiveCfg = Debug|Any CPU
		{2C12F1F3-E932-46E8-8586-5DB5060C108F}.Debug|Any CPU.Build.0 = Debug|Any CPU
		{2C12F1F3-E932-46E8-8586-5DB5060C108F}.Release|Any CPU.ActiveCfg = Release|Any CPU
		{2C12F1F3-E932-46E8-8586-5DB5060C108F}.Release|Any CPU.Build.0 = Release|Any CPU
		{8F05EE9A-4E3B-4658-9AF9-333560563277}.Debug|Any CPU.ActiveCfg = Debug|Any CPU
		{8F05EE9A-4E3B-4658-9AF9-333560563277}.Debug|Any CPU.Build.0 = Debug|Any CPU
		{8F05EE9A-4E3B-4658-9AF9-333560563277}.Release|Any CPU.ActiveCfg = Release|Any CPU
		{8F05EE9A-4E3B-4658-9AF9-333560563277}.Release|Any CPU.Build.0 = Release|Any CPU
		{39138AA8-18C0-45EA-8FD6-9948B20D2774}.Debug|Any CPU.ActiveCfg = Debug|Any CPU
		{39138AA8-18C0-45EA-8FD6-9948B20D2774}.Debug|Any CPU.Build.0 = Debug|Any CPU
		{39138AA8-18C0-45EA-8FD6-9948B20D2774}.Release|Any CPU.ActiveCfg = Release|Any CPU
		{39138AA8-18C0-45EA-8FD6-9948B20D2774}.Release|Any CPU.Build.0 = Release|Any CPU
		{EEEE3778-BEDE-4AF9-891D-88893BE1522D}.Debug|Any CPU.ActiveCfg = Debug|Any CPU
		{EEEE3778-BEDE-4AF9-891D-88893BE1522D}.Debug|Any CPU.Build.0 = Debug|Any CPU
		{EEEE3778-BEDE-4AF9-891D-88893BE1522D}.Release|Any CPU.ActiveCfg = Release|Any CPU
		{EEEE3778-BEDE-4AF9-891D-88893BE1522D}.Release|Any CPU.Build.0 = Release|Any CPU
		{A2E8EE0D-3EAC-46D5-BBE8-77AEBEFA9AFF}.Debug|Any CPU.ActiveCfg = Debug|Any CPU
		{A2E8EE0D-3EAC-46D5-BBE8-77AEBEFA9AFF}.Debug|Any CPU.Build.0 = Debug|Any CPU
		{A2E8EE0D-3EAC-46D5-BBE8-77AEBEFA9AFF}.Release|Any CPU.ActiveCfg = Release|Any CPU
		{A2E8EE0D-3EAC-46D5-BBE8-77AEBEFA9AFF}.Release|Any CPU.Build.0 = Release|Any CPU
	EndGlobalSection
	GlobalSection(SolutionProperties) = preSolution
		HideSolutionNode = FALSE
	EndGlobalSection
	GlobalSection(ExtensibilityGlobals) = postSolution
		SolutionGuid = {7BB8A905-FFD0-4BD3-9997-5F49354B3A47}
	EndGlobalSection
EndGlobal
